// !$*UTF8*$!
{
	archiveVersion = 1;
	classes = {
	};
	objectVersion = 56;
	objects = {

/* Begin PBXBuildFile section */
		D6F715F32B32D66700506028 /* AppDelegate.swift in Sources */ = {isa = PBXBuildFile; fileRef = D6F715F22B32D66700506028 /* AppDelegate.swift */; };
		D6F715F52B32D66700506028 /* ViewController.swift in Sources */ = {isa = PBXBuildFile; fileRef = D6F715F42B32D66700506028 /* ViewController.swift */; };
		D6F715F72B32D66900506028 /* Assets.xcassets in Resources */ = {isa = PBXBuildFile; fileRef = D6F715F62B32D66900506028 /* Assets.xcassets */; };
		D6F715FA2B32D66900506028 /* Main.storyboard in Resources */ = {isa = PBXBuildFile; fileRef = D6F715F82B32D66900506028 /* Main.storyboard */; };
		D6F716052B32D66900506028 /* SwiftGetIPTests.swift in Sources */ = {isa = PBXBuildFile; fileRef = D6F716042B32D66900506028 /* SwiftGetIPTests.swift */; };
		D6F7160F2B32D66900506028 /* SwiftGetIPUITests.swift in Sources */ = {isa = PBXBuildFile; fileRef = D6F7160E2B32D66900506028 /* SwiftGetIPUITests.swift */; };
		D6F716112B32D66900506028 /* SwiftGetIPUITestsLaunchTests.swift in Sources */ = {isa = PBXBuildFile; fileRef = D6F716102B32D66900506028 /* SwiftGetIPUITestsLaunchTests.swift */; };
/* End PBXBuildFile section */

/* Begin PBXContainerItemProxy section */
		D6F716012B32D66900506028 /* PBXContainerItemProxy */ = {
			isa = PBXContainerItemProxy;
			containerPortal = D6F715E72B32D66700506028 /* Project object */;
			proxyType = 1;
			remoteGlobalIDString = D6F715EE2B32D66700506028;
			remoteInfo = SwiftGetIP;
		};
		D6F7160B2B32D66900506028 /* PBXContainerItemProxy */ = {
			isa = PBXContainerItemProxy;
			containerPortal = D6F715E72B32D66700506028 /* Project object */;
			proxyType = 1;
			remoteGlobalIDString = D6F715EE2B32D66700506028;
			remoteInfo = SwiftGetIP;
		};
/* End PBXContainerItemProxy section */

/* Begin PBXFileReference section */
		D6F715EF2B32D66700506028 /* SwiftGetIP.app */ = {isa = PBXFileReference; explicitFileType = wrapper.application; includeInIndex = 0; path = SwiftGetIP.app; sourceTree = BUILT_PRODUCTS_DIR; };
		D6F715F22B32D66700506028 /* AppDelegate.swift */ = {isa = PBXFileReference; lastKnownFileType = sourcecode.swift; path = AppDelegate.swift; sourceTree = "<group>"; };
		D6F715F42B32D66700506028 /* ViewController.swift */ = {isa = PBXFileReference; lastKnownFileType = sourcecode.swift; path = ViewController.swift; sourceTree = "<group>"; };
		D6F715F62B32D66900506028 /* Assets.xcassets */ = {isa = PBXFileReference; lastKnownFileType = folder.assetcatalog; path = Assets.xcassets; sourceTree = "<group>"; };
		D6F715F92B32D66900506028 /* Base */ = {isa = PBXFileReference; lastKnownFileType = file.storyboard; name = Base; path = Base.lproj/Main.storyboard; sourceTree = "<group>"; };
		D6F715FB2B32D66900506028 /* SwiftGetIP.entitlements */ = {isa = PBXFileReference; lastKnownFileType = text.plist.entitlements; path = SwiftGetIP.entitlements; sourceTree = "<group>"; };
		D6F716002B32D66900506028 /* SwiftGetIPTests.xctest */ = {isa = PBXFileReference; explicitFileType = wrapper.cfbundle; includeInIndex = 0; path = SwiftGetIPTests.xctest; sourceTree = BUILT_PRODUCTS_DIR; };
		D6F716042B32D66900506028 /* SwiftGetIPTests.swift */ = {isa = PBXFileReference; lastKnownFileType = sourcecode.swift; path = SwiftGetIPTests.swift; sourceTree = "<group>"; };
		D6F7160A2B32D66900506028 /* SwiftGetIPUITests.xctest */ = {isa = PBXFileReference; explicitFileType = wrapper.cfbundle; includeInIndex = 0; path = SwiftGetIPUITests.xctest; sourceTree = BUILT_PRODUCTS_DIR; };
		D6F7160E2B32D66900506028 /* SwiftGetIPUITests.swift */ = {isa = PBXFileReference; lastKnownFileType = sourcecode.swift; path = SwiftGetIPUITests.swift; sourceTree = "<group>"; };
		D6F716102B32D66900506028 /* SwiftGetIPUITestsLaunchTests.swift */ = {isa = PBXFileReference; lastKnownFileType = sourcecode.swift; path = SwiftGetIPUITestsLaunchTests.swift; sourceTree = "<group>"; };
/* End PBXFileReference section */

/* Begin PBXFrameworksBuildPhase section */
		D6F715EC2B32D66700506028 /* Frameworks */ = {
			isa = PBXFrameworksBuildPhase;
			buildActionMask = 2147483647;
			files = (
			);
			runOnlyForDeploymentPostprocessing = 0;
		};
		D6F715FD2B32D66900506028 /* Frameworks */ = {
			isa = PBXFrameworksBuildPhase;
			buildActionMask = 2147483647;
			files = (
			);
			runOnlyForDeploymentPostprocessing = 0;
		};
		D6F716072B32D66900506028 /* Frameworks */ = {
			isa = PBXFrameworksBuildPhase;
			buildActionMask = 2147483647;
			files = (
			);
			runOnlyForDeploymentPostprocessing = 0;
		};
/* End PBXFrameworksBuildPhase section */

/* Begin PBXGroup section */
		D6F715E62B32D66700506028 = {
			isa = PBXGroup;
			children = (
				D6F715F12B32D66700506028 /* SwiftGetIP */,
				D6F716032B32D66900506028 /* SwiftGetIPTests */,
				D6F7160D2B32D66900506028 /* SwiftGetIPUITests */,
				D6F715F02B32D66700506028 /* Products */,
			);
			sourceTree = "<group>";
		};
		D6F715F02B32D66700506028 /* Products */ = {
			isa = PBXGroup;
			children = (
				D6F715EF2B32D66700506028 /* SwiftGetIP.app */,
				D6F716002B32D66900506028 /* SwiftGetIPTests.xctest */,
				D6F7160A2B32D66900506028 /* SwiftGetIPUITests.xctest */,
			);
			name = Products;
			sourceTree = "<group>";
		};
		D6F715F12B32D66700506028 /* SwiftGetIP */ = {
			isa = PBXGroup;
			children = (
				D6F715F22B32D66700506028 /* AppDelegate.swift */,
				D6F715F42B32D66700506028 /* ViewController.swift */,
				D6F715F62B32D66900506028 /* Assets.xcassets */,
				D6F715F82B32D66900506028 /* Main.storyboard */,
				D6F715FB2B32D66900506028 /* SwiftGetIP.entitlements */,
			);
			path = SwiftGetIP;
			sourceTree = "<group>";
		};
		D6F716032B32D66900506028 /* SwiftGetIPTests */ = {
			isa = PBXGroup;
			children = (
				D6F716042B32D66900506028 /* SwiftGetIPTests.swift */,
			);
			path = SwiftGetIPTests;
			sourceTree = "<group>";
		};
		D6F7160D2B32D66900506028 /* SwiftGetIPUITests */ = {
			isa = PBXGroup;
			children = (
				D6F7160E2B32D66900506028 /* SwiftGetIPUITests.swift */,
				D6F716102B32D66900506028 /* SwiftGetIPUITestsLaunchTests.swift */,
			);
			path = SwiftGetIPUITests;
			sourceTree = "<group>";
		};
/* End PBXGroup section */

/* Begin PBXNativeTarget section */
		D6F715EE2B32D66700506028 /* SwiftGetIP */ = {
			isa = PBXNativeTarget;
			buildConfigurationList = D6F716142B32D66900506028 /* Build configuration list for PBXNativeTarget "SwiftGetIP" */;
			buildPhases = (
				D6F715EB2B32D66700506028 /* Sources */,
				D6F715EC2B32D66700506028 /* Frameworks */,
				D6F715ED2B32D66700506028 /* Resources */,
			);
			buildRules = (
			);
			dependencies = (
			);
			name = SwiftGetIP;
			productName = SwiftGetIP;
			productReference = D6F715EF2B32D66700506028 /* SwiftGetIP.app */;
			productType = "com.apple.product-type.application";
		};
		D6F715FF2B32D66900506028 /* SwiftGetIPTests */ = {
			isa = PBXNativeTarget;
			buildConfigurationList = D6F716172B32D66900506028 /* Build configuration list for PBXNativeTarget "SwiftGetIPTests" */;
			buildPhases = (
				D6F715FC2B32D66900506028 /* Sources */,
				D6F715FD2B32D66900506028 /* Frameworks */,
				D6F715FE2B32D66900506028 /* Resources */,
			);
			buildRules = (
			);
			dependencies = (
				D6F716022B32D66900506028 /* PBXTargetDependency */,
			);
			name = SwiftGetIPTests;
			productName = SwiftGetIPTests;
			productReference = D6F716002B32D66900506028 /* SwiftGetIPTests.xctest */;
			productType = "com.apple.product-type.bundle.unit-test";
		};
		D6F716092B32D66900506028 /* SwiftGetIPUITests */ = {
			isa = PBXNativeTarget;
			buildConfigurationList = D6F7161A2B32D66900506028 /* Build configuration list for PBXNativeTarget "SwiftGetIPUITests" */;
			buildPhases = (
				D6F716062B32D66900506028 /* Sources */,
				D6F716072B32D66900506028 /* Frameworks */,
				D6F716082B32D66900506028 /* Resources */,
			);
			buildRules = (
			);
			dependencies = (
				D6F7160C2B32D66900506028 /* PBXTargetDependency */,
			);
			name = SwiftGetIPUITests;
			productName = SwiftGetIPUITests;
			productReference = D6F7160A2B32D66900506028 /* SwiftGetIPUITests.xctest */;
			productType = "com.apple.product-type.bundle.ui-testing";
		};
/* End PBXNativeTarget section */

/* Begin PBXProject section */
		D6F715E72B32D66700506028 /* Project object */ = {
			isa = PBXProject;
			attributes = {
				BuildIndependentTargetsInParallel = 1;
				LastSwiftUpdateCheck = 1510;
				LastUpgradeCheck = 1510;
				TargetAttributes = {
					D6F715EE2B32D66700506028 = {
						CreatedOnToolsVersion = 15.1;
					};
					D6F715FF2B32D66900506028 = {
						CreatedOnToolsVersion = 15.1;
						TestTargetID = D6F715EE2B32D66700506028;
					};
					D6F716092B32D66900506028 = {
						CreatedOnToolsVersion = 15.1;
						TestTargetID = D6F715EE2B32D66700506028;
					};
				};
			};
			buildConfigurationList = D6F715EA2B32D66700506028 /* Build configuration list for PBXProject "SwiftGetIP" */;
			compatibilityVersion = "Xcode 14.0";
			developmentRegion = en;
			hasScannedForEncodings = 0;
			knownRegions = (
				en,
				Base,
			);
			mainGroup = D6F715E62B32D66700506028;
			productRefGroup = D6F715F02B32D66700506028 /* Products */;
			projectDirPath = "";
			projectRoot = "";
			targets = (
				D6F715EE2B32D66700506028 /* SwiftGetIP */,
				D6F715FF2B32D66900506028 /* SwiftGetIPTests */,
				D6F716092B32D66900506028 /* SwiftGetIPUITests */,
			);
		};
/* End PBXProject section */

/* Begin PBXResourcesBuildPhase section */
		D6F715ED2B32D66700506028 /* Resources */ = {
			isa = PBXResourcesBuildPhase;
			buildActionMask = 2147483647;
			files = (
				D6F715F72B32D66900506028 /* Assets.xcassets in Resources */,
				D6F715FA2B32D66900506028 /* Main.storyboard in Resources */,
			);
			runOnlyForDeploymentPostprocessing = 0;
		};
		D6F715FE2B32D66900506028 /* Resources */ = {
			isa = PBXResourcesBuildPhase;
			buildActionMask = 2147483647;
			files = (
			);
			runOnlyForDeploymentPostprocessing = 0;
		};
		D6F716082B32D66900506028 /* Resources */ = {
			isa = PBXResourcesBuildPhase;
			buildActionMask = 2147483647;
			files = (
			);
			runOnlyForDeploymentPostprocessing = 0;
		};
/* End PBXResourcesBuildPhase section */

/* Begin PBXSourcesBuildPhase section */
		D6F715EB2B32D66700506028 /* Sources */ = {
			isa = PBXSourcesBuildPhase;
			buildActionMask = 2147483647;
			files = (
				D6F715F52B32D66700506028 /* ViewController.swift in Sources */,
				D6F715F32B32D66700506028 /* AppDelegate.swift in Sources */,
			);
			runOnlyForDeploymentPostprocessing = 0;
		};
		D6F715FC2B32D66900506028 /* Sources */ = {
			isa = PBXSourcesBuildPhase;
			buildActionMask = 2147483647;
			files = (
				D6F716052B32D66900506028 /* SwiftGetIPTests.swift in Sources */,
			);
			runOnlyForDeploymentPostprocessing = 0;
		};
		D6F716062B32D66900506028 /* Sources */ = {
			isa = PBXSourcesBuildPhase;
			buildActionMask = 2147483647;
			files = (
				D6F716112B32D66900506028 /* SwiftGetIPUITestsLaunchTests.swift in Sources */,
				D6F7160F2B32D66900506028 /* SwiftGetIPUITests.swift in Sources */,
			);
			runOnlyForDeploymentPostprocessing = 0;
		};
/* End PBXSourcesBuildPhase section */

/* Begin PBXTargetDependency section */
		D6F716022B32D66900506028 /* PBXTargetDependency */ = {
			isa = PBXTargetDependency;
			target = D6F715EE2B32D66700506028 /* SwiftGetIP */;
			targetProxy = D6F716012B32D66900506028 /* PBXContainerItemProxy */;
		};
		D6F7160C2B32D66900506028 /* PBXTargetDependency */ = {
			isa = PBXTargetDependency;
			target = D6F715EE2B32D66700506028 /* SwiftGetIP */;
			targetProxy = D6F7160B2B32D66900506028 /* PBXContainerItemProxy */;
		};
/* End PBXTargetDependency section */

/* Begin PBXVariantGroup section */
		D6F715F82B32D66900506028 /* Main.storyboard */ = {
			isa = PBXVariantGroup;
			children = (
				D6F715F92B32D66900506028 /* Base */,
			);
			name = Main.storyboard;
			sourceTree = "<group>";
		};
/* End PBXVariantGroup section */

/* Begin XCBuildConfiguration section */
		D6F716122B32D66900506028 /* Debug */ = {
			isa = XCBuildConfiguration;
			buildSettings = {
				ALWAYS_SEARCH_USER_PATHS = NO;
				ASSETCATALOG_COMPILER_GENERATE_SWIFT_ASSET_SYMBOL_EXTENSIONS = YES;
				CLANG_ANALYZER_NONNULL = YES;
				CLANG_ANALYZER_NUMBER_OBJECT_CONVERSION = YES_AGGRESSIVE;
				CLANG_CXX_LANGUAGE_STANDARD = "gnu++20";
				CLANG_ENABLE_MODULES = YES;
				CLANG_ENABLE_OBJC_ARC = YES;
				CLANG_ENABLE_OBJC_WEAK = YES;
				CLANG_WARN_BLOCK_CAPTURE_AUTORELEASING = YES;
				CLANG_WARN_BOOL_CONVERSION = YES;
				CLANG_WARN_COMMA = YES;
				CLANG_WARN_CONSTANT_CONVERSION = YES;
				CLANG_WARN_DEPRECATED_OBJC_IMPLEMENTATIONS = YES;
				CLANG_WARN_DIRECT_OBJC_ISA_USAGE = YES_ERROR;
				CLANG_WARN_DOCUMENTATION_COMMENTS = YES;
				CLANG_WARN_EMPTY_BODY = YES;
				CLANG_WARN_ENUM_CONVERSION = YES;
				CLANG_WARN_INFINITE_RECURSION = YES;
				CLANG_WARN_INT_CONVERSION = YES;
				CLANG_WARN_NON_LITERAL_NULL_CONVERSION = YES;
				CLANG_WARN_OBJC_IMPLICIT_RETAIN_SELF = YES;
				CLANG_WARN_OBJC_LITERAL_CONVERSION = YES;
				CLANG_WARN_OBJC_ROOT_CLASS = YES_ERROR;
				CLANG_WARN_QUOTED_INCLUDE_IN_FRAMEWORK_HEADER = YES;
				CLANG_WARN_RANGE_LOOP_ANALYSIS = YES;
				CLANG_WARN_STRICT_PROTOTYPES = YES;
				CLANG_WARN_SUSPICIOUS_MOVE = YES;
				CLANG_WARN_UNGUARDED_AVAILABILITY = YES_AGGRESSIVE;
				CLANG_WARN_UNREACHABLE_CODE = YES;
				CLANG_WARN__DUPLICATE_METHOD_MATCH = YES;
				COPY_PHASE_STRIP = NO;
				DEBUG_INFORMATION_FORMAT = dwarf;
				ENABLE_STRICT_OBJC_MSGSEND = YES;
				ENABLE_TESTABILITY = YES;
				ENABLE_USER_SCRIPT_SANDBOXING = YES;
				GCC_C_LANGUAGE_STANDARD = gnu17;
				GCC_DYNAMIC_NO_PIC = NO;
				GCC_NO_COMMON_BLOCKS = YES;
				GCC_OPTIMIZATION_LEVEL = 0;
				GCC_PREPROCESSOR_DEFINITIONS = (
					"DEBUG=1",
					"$(inherited)",
				);
				GCC_WARN_64_TO_32_BIT_CONVERSION = YES;
				GCC_WARN_ABOUT_RETURN_TYPE = YES_ERROR;
				GCC_WARN_UNDECLARED_SELECTOR = YES;
				GCC_WARN_UNINITIALIZED_AUTOS = YES_AGGRESSIVE;
				GCC_WARN_UNUSED_FUNCTION = YES;
				GCC_WARN_UNUSED_VARIABLE = YES;
				LOCALIZATION_PREFERS_STRING_CATALOGS = YES;
				MACOSX_DEPLOYMENT_TARGET = 14.1;
				MTL_ENABLE_DEBUG_INFO = INCLUDE_SOURCE;
				MTL_FAST_MATH = YES;
				ONLY_ACTIVE_ARCH = YES;
				SDKROOT = macosx;
				SWIFT_ACTIVE_COMPILATION_CONDITIONS = "DEBUG $(inherited)";
				SWIFT_OPTIMIZATION_LEVEL = "-Onone";
			};
			name = Debug;
		};
		D6F716132B32D66900506028 /* Release */ = {
			isa = XCBuildConfiguration;
			buildSettings = {
				ALWAYS_SEARCH_USER_PATHS = NO;
				ASSETCATALOG_COMPILER_GENERATE_SWIFT_ASSET_SYMBOL_EXTENSIONS = YES;
				CLANG_ANALYZER_NONNULL = YES;
				CLANG_ANALYZER_NUMBER_OBJECT_CONVERSION = YES_AGGRESSIVE;
				CLANG_CXX_LANGUAGE_STANDARD = "gnu++20";
				CLANG_ENABLE_MODULES = YES;
				CLANG_ENABLE_OBJC_ARC = YES;
				CLANG_ENABLE_OBJC_WEAK = YES;
				CLANG_WARN_BLOCK_CAPTURE_AUTORELEASING = YES;
				CLANG_WARN_BOOL_CONVERSION = YES;
				CLANG_WARN_COMMA = YES;
				CLANG_WARN_CONSTANT_CONVERSION = YES;
				CLANG_WARN_DEPRECATED_OBJC_IMPLEMENTATIONS = YES;
				CLANG_WARN_DIRECT_OBJC_ISA_USAGE = YES_ERROR;
				CLANG_WARN_DOCUMENTATION_COMMENTS = YES;
				CLANG_WARN_EMPTY_BODY = YES;
				CLANG_WARN_ENUM_CONVERSION = YES;
				CLANG_WARN_INFINITE_RECURSION = YES;
				CLANG_WARN_INT_CONVERSION = YES;
				CLANG_WARN_NON_LITERAL_NULL_CONVERSION = YES;
				CLANG_WARN_OBJC_IMPLICIT_RETAIN_SELF = YES;
				CLANG_WARN_OBJC_LITERAL_CONVERSION = YES;
				CLANG_WARN_OBJC_ROOT_CLASS = YES_ERROR;
				CLANG_WARN_QUOTED_INCLUDE_IN_FRAMEWORK_HEADER = YES;
				CLANG_WARN_RANGE_LOOP_ANALYSIS = YES;
				CLANG_WARN_STRICT_PROTOTYPES = YES;
				CLANG_WARN_SUSPICIOUS_MOVE = YES;
				CLANG_WARN_UNGUARDED_AVAILABILITY = YES_AGGRESSIVE;
				CLANG_WARN_UNREACHABLE_CODE = YES;
				CLANG_WARN__DUPLICATE_METHOD_MATCH = YES;
				COPY_PHASE_STRIP = NO;
				DEBUG_INFORMATION_FORMAT = "dwarf-with-dsym";
				ENABLE_NS_ASSERTIONS = NO;
				ENABLE_STRICT_OBJC_MSGSEND = YES;
				ENABLE_USER_SCRIPT_SANDBOXING = YES;
				GCC_C_LANGUAGE_STANDARD = gnu17;
				GCC_NO_COMMON_BLOCKS = YES;
				GCC_WARN_64_TO_32_BIT_CONVERSION = YES;
				GCC_WARN_ABOUT_RETURN_TYPE = YES_ERROR;
				GCC_WARN_UNDECLARED_SELECTOR = YES;
				GCC_WARN_UNINITIALIZED_AUTOS = YES_AGGRESSIVE;
				GCC_WARN_UNUSED_FUNCTION = YES;
				GCC_WARN_UNUSED_VARIABLE = YES;
				LOCALIZATION_PREFERS_STRING_CATALOGS = YES;
				MACOSX_DEPLOYMENT_TARGET = 14.1;
				MTL_ENABLE_DEBUG_INFO = NO;
				MTL_FAST_MATH = YES;
				SDKROOT = macosx;
				SWIFT_COMPILATION_MODE = wholemodule;
			};
			name = Release;
		};
		D6F716152B32D66900506028 /* Debug */ = {
			isa = XCBuildConfiguration;
			buildSettings = {
				ASSETCATALOG_COMPILER_APPICON_NAME = AppIcon;
				ASSETCATALOG_COMPILER_GLOBAL_ACCENT_COLOR_NAME = AccentColor;
				CODE_SIGN_ENTITLEMENTS = SwiftGetIP/SwiftGetIP.entitlements;
				CODE_SIGN_STYLE = Automatic;
				COMBINE_HIDPI_IMAGES = YES;
				CURRENT_PROJECT_VERSION = 1;
				GENERATE_INFOPLIST_FILE = YES;
				INFOPLIST_KEY_NSHumanReadableCopyright = "";
				INFOPLIST_KEY_NSMainStoryboardFile = Main;
				INFOPLIST_KEY_NSPrincipalClass = NSApplication;
				LD_RUNPATH_SEARCH_PATHS = (
					"$(inherited)",
					"@executable_path/../Frameworks",
				);
				MARKETING_VERSION = 1.0;
				PRODUCT_BUNDLE_IDENTIFIER = com.template.SwiftGetIP;
				PRODUCT_NAME = "$(TARGET_NAME)";
				SWIFT_EMIT_LOC_STRINGS = YES;
				SWIFT_VERSION = 5.0;
			};
			name = Debug;
		};
		D6F716162B32D66900506028 /* Release */ = {
			isa = XCBuildConfiguration;
			buildSettings = {
				ASSETCATALOG_COMPILER_APPICON_NAME = AppIcon;
				ASSETCATALOG_COMPILER_GLOBAL_ACCENT_COLOR_NAME = AccentColor;
				CODE_SIGN_ENTITLEMENTS = SwiftGetIP/SwiftGetIP.entitlements;
				CODE_SIGN_STYLE = Automatic;
				COMBINE_HIDPI_IMAGES = YES;
				CURRENT_PROJECT_VERSION = 1;
				GENERATE_INFOPLIST_FILE = YES;
				INFOPLIST_KEY_NSHumanReadableCopyright = "";
				INFOPLIST_KEY_NSMainStoryboardFile = Main;
				INFOPLIST_KEY_NSPrincipalClass = NSApplication;
				LD_RUNPATH_SEARCH_PATHS = (
					"$(inherited)",
					"@executable_path/../Frameworks",
				);
				MARKETING_VERSION = 1.0;
				PRODUCT_BUNDLE_IDENTIFIER = com.template.SwiftGetIP;
				PRODUCT_NAME = "$(TARGET_NAME)";
				SWIFT_EMIT_LOC_STRINGS = YES;
				SWIFT_VERSION = 5.0;
			};
			name = Release;
		};
		D6F716182B32D66900506028 /* Debug */ = {
			isa = XCBuildConfiguration;
			buildSettings = {
				ALWAYS_EMBED_SWIFT_STANDARD_LIBRARIES = YES;
				BUNDLE_LOADER = "$(TEST_HOST)";
				CODE_SIGN_STYLE = Automatic;
				CURRENT_PROJECT_VERSION = 1;
				GENERATE_INFOPLIST_FILE = YES;
				MACOSX_DEPLOYMENT_TARGET = 14.1;
				MARKETING_VERSION = 1.0;
				PRODUCT_BUNDLE_IDENTIFIER = com.template.SwiftGetIPTests;
				PRODUCT_NAME = "$(TARGET_NAME)";
				SWIFT_EMIT_LOC_STRINGS = NO;
				SWIFT_VERSION = 5.0;
				TEST_HOST = "$(BUILT_PRODUCTS_DIR)/SwiftGetIP.app/$(BUNDLE_EXECUTABLE_FOLDER_PATH)/SwiftGetIP";
			};
			name = Debug;
		};
		D6F716192B32D66900506028 /* Release */ = {
			isa = XCBuildConfiguration;
			buildSettings = {
				ALWAYS_EMBED_SWIFT_STANDARD_LIBRARIES = YES;
				BUNDLE_LOADER = "$(TEST_HOST)";
				CODE_SIGN_STYLE = Automatic;
				CURRENT_PROJECT_VERSION = 1;
				GENERATE_INFOPLIST_FILE = YES;
				MACOSX_DEPLOYMENT_TARGET = 14.1;
				MARKETING_VERSION = 1.0;
				PRODUCT_BUNDLE_IDENTIFIER = com.template.SwiftGetIPTests;
				PRODUCT_NAME = "$(TARGET_NAME)";
				SWIFT_EMIT_LOC_STRINGS = NO;
				SWIFT_VERSION = 5.0;
				TEST_HOST = "$(BUILT_PRODUCTS_DIR)/SwiftGetIP.app/$(BUNDLE_EXECUTABLE_FOLDER_PATH)/SwiftGetIP";
			};
			name = Release;
		};
		D6F7161B2B32D66900506028 /* Debug */ = {
			isa = XCBuildConfiguration;
			buildSettings = {
				ALWAYS_EMBED_SWIFT_STANDARD_LIBRARIES = YES;
				CODE_SIGN_STYLE = Automatic;
				CURRENT_PROJECT_VERSION = 1;
				GENERATE_INFOPLIST_FILE = YES;
				MARKETING_VERSION = 1.0;
				PRODUCT_BUNDLE_IDENTIFIER = com.template.SwiftGetIPUITests;
				PRODUCT_NAME = "$(TARGET_NAME)";
				SWIFT_EMIT_LOC_STRINGS = NO;
				SWIFT_VERSION = 5.0;
				TEST_TARGET_NAME = SwiftGetIP;
			};
			name = Debug;
		};
		D6F7161C2B32D66900506028 /* Release */ = {
			isa = XCBuildConfiguration;
			buildSettings = {
				ALWAYS_EMBED_SWIFT_STANDARD_LIBRARIES = YES;
				CODE_SIGN_STYLE = Automatic;
				CURRENT_PROJECT_VERSION = 1;
				GENERATE_INFOPLIST_FILE = YES;
				MARKETING_VERSION = 1.0;
				PRODUCT_BUNDLE_IDENTIFIER = com.template.SwiftGetIPUITests;
				PRODUCT_NAME = "$(TARGET_NAME)";
				SWIFT_EMIT_LOC_STRINGS = NO;
				SWIFT_VERSION = 5.0;
				TEST_TARGET_NAME = SwiftGetIP;
			};
			name = Release;
		};
/* End XCBuildConfiguration section */

/* Begin XCConfigurationList section */
		D6F715EA2B32D66700506028 /* Build configuration list for PBXProject "SwiftGetIP" */ = {
			isa = XCConfigurationList;
			buildConfigurations = (
				D6F716122B32D66900506028 /* Debug */,
				D6F716132B32D66900506028 /* Release */,
			);
			defaultConfigurationIsVisible = 0;
			defaultConfigurationName = Release;
		};
		D6F716142B32D66900506028 /* Build configuration list for PBXNativeTarget "SwiftGetIP" */ = {
			isa = XCConfigurationList;
			buildConfigurations = (
				D6F716152B32D66900506028 /* Debug */,
				D6F716162B32D66900506028 /* Release */,
			);
			defaultConfigurationIsVisible = 0;
			defaultConfigurationName = Release;
		};
		D6F716172B32D66900506028 /* Build configuration list for PBXNativeTarget "SwiftGetIPTests" */ = {
			isa = XCConfigurationList;
			buildConfigurations = (
				D6F716182B32D66900506028 /* Debug */,
				D6F716192B32D66900506028 /* Release */,
			);
			defaultConfigurationIsVisible = 0;
			defaultConfigurationName = Release;
		};
		D6F7161A2B32D66900506028 /* Build configuration list for PBXNativeTarget "SwiftGetIPUITests" */ = {
			isa = XCConfigurationList;
			buildConfigurations = (
				D6F7161B2B32D66900506028 /* Debug */,
				D6F7161C2B32D66900506028 /* Release */,
			);
			defaultConfigurationIsVisible = 0;
			defaultConfigurationName = Release;
		};
/* End XCConfigurationList section */
	};
	rootObject = D6F715E72B32D66700506028 /* Project object */;
}
